
Microsoft Visual Studio Solution File, Format Version 12.00
# Visual Studio Version 17
VisualStudioVersion = 17.3.32929.385
MinimumVisualStudioVersion = 10.0.40219.1
Project("{9A19103F-16F7-4668-BE54-9A1E7A4F7556}") = "DesignPatterns.Common", "src\DesignPatterns.Common\DesignPatterns.Common.csproj", "{B6D0E734-2346-4FEE-8CB0-711B41C28BE8}"
EndProject
Project("{9A19103F-16F7-4668-BE54-9A1E7A4F7556}") = "DesignPatterns.StartUp", "src\DesignPatterns.StartUp\DesignPatterns.StartUp.csproj", "{17356B81-1532-4B98-AF75-D9F864CAF418}"
EndProject
Project("{2150E333-8FDC-42A3-9474-1A3956D46DE8}") = "src", "src", "{1820FEC0-18B3-447A-B870-A0CBF41267D7}"
EndProject
Project("{9A19103F-16F7-4668-BE54-9A1E7A4F7556}") = "DesignPatterns.Creational.AbstractFactory", "src\DesignPatterns.Creational.AbstractFactory\DesignPatterns.Creational.AbstractFactory.csproj", "{DD2E415B-9E85-448D-9441-BD4866527286}"
EndProject
Project("{9A19103F-16F7-4668-BE54-9A1E7A4F7556}") = "DesignPatterns.Creational.Builder", "src\DesignPatterns.Creational.Builder\DesignPatterns.Creational.Builder.csproj", "{420AD29E-257C-4C53-885C-897F3FE6E71C}"
EndProject
Project("{9A19103F-16F7-4668-BE54-9A1E7A4F7556}") = "DesignPatterns.Creational.Factory", "src\DesignPatterns.Creational.Factory\DesignPatterns.Creational.Factory.csproj", "{7E5FED03-6CC5-4CAA-92A4-2B526DD35362}"
EndProject
Project("{9A19103F-16F7-4668-BE54-9A1E7A4F7556}") = "DesignPatterns.Creational.Prototype", "src\DesignPatterns.Creational.Prototype\DesignPatterns.Creational.Prototype.csproj", "{163C3149-8DDE-472A-9E6D-17A434D68DDB}"
EndProject
Project("{9A19103F-16F7-4668-BE54-9A1E7A4F7556}") = "DesignPatterns.Creational.Singleton", "src\DesignPatterns.Creational.Singleton\DesignPatterns.Creational.Singleton.csproj", "{C25024F5-E75C-44FF-B95F-7BE106A819D4}"
EndProject
Project("{9A19103F-16F7-4668-BE54-9A1E7A4F7556}") = "DesignPatterns.Structural.Adapter", "src\DesignPatterns.Structural.Adapter\DesignPatterns.Structural.Adapter.csproj", "{D11A4963-92B8-4091-8F4A-E552AEEDBC6C}"
EndProject
Project("{9A19103F-16F7-4668-BE54-9A1E7A4F7556}") = "DesignPatterns.Structural.Facade", "src\DesignPatterns.Structural.Facade\DesignPatterns.Structural.Facade.csproj", "{A8FBC24A-09D7-44BA-9527-3F7C4812DA65}"
EndProject
Project("{9A19103F-16F7-4668-BE54-9A1E7A4F7556}") = "DesignPatterns.Structural.Proxy", "src\DesignPatterns.Structural.Proxy\DesignPatterns.Structural.Proxy.csproj", "{DAC3BF8D-0BCD-4294-B041-2988949A19A7}"
EndProject
Project("{9A19103F-16F7-4668-BE54-9A1E7A4F7556}") = "DesignPatterns.Structural.Composite", "src\DesignPatterns.Structural.Composite\DesignPatterns.Structural.Composite.csproj", "{29D04B97-46DA-4E73-9FB2-811FE692929D}"
EndProject
Project("{9A19103F-16F7-4668-BE54-9A1E7A4F7556}") = "DesignPatterns.Structural.Bridge", "src\DesignPatterns.Structural.Bridge\DesignPatterns.Structural.Bridge.csproj", "{C2703F1C-A01C-4F96-948D-067DD86CD3A0}"
EndProject
Project("{FAE04EC0-301F-11D3-BF4B-00C04F79EFBC}") = "DesignPatterns.Structural.Decorator", "src\DesignPatterns.Structural.Decorator\DesignPatterns.Structural.Decorator.csproj", "{35ECD3FA-950F-4511-B180-1B6249C1DA0B}"
EndProject
Project("{FAE04EC0-301F-11D3-BF4B-00C04F79EFBC}") = "DesignPatterns.Structural.Flyweight", "src\DesignPatterns.Structural.Flyweight\DesignPatterns.Structural.Flyweight.csproj", "{215F3C1C-6B54-4323-A875-F1F375E4EE5E}"
EndProject
Project("{FAE04EC0-301F-11D3-BF4B-00C04F79EFBC}") = "DesignPatterns.Behavioral.ChainOfResponsability", "src\DesignPatterns.Behavioral.ChainOfResponsability\DesignPatterns.Behavioral.ChainOfResponsability.csproj", "{398D5C21-3186-4E03-AC24-F2C4DF73065F}"
EndProject
Project("{FAE04EC0-301F-11D3-BF4B-00C04F79EFBC}") = "DesignPatterns.Behavioral.Mediator", "src\DesignPatterns.Behavioral.Mediator\DesignPatterns.Behavioral.Mediator.csproj", "{3F2F9EF6-FBF0-4C32-A1CF-D9BFCA9A15BE}"
EndProject
Global
	GlobalSection(SolutionConfigurationPlatforms) = preSolution
		Debug|Any CPU = Debug|Any CPU
		Release|Any CPU = Release|Any CPU
	EndGlobalSection
	GlobalSection(ProjectConfigurationPlatforms) = postSolution
		{B6D0E734-2346-4FEE-8CB0-711B41C28BE8}.Debug|Any CPU.ActiveCfg = Debug|Any CPU
		{B6D0E734-2346-4FEE-8CB0-711B41C28BE8}.Debug|Any CPU.Build.0 = Debug|Any CPU
		{B6D0E734-2346-4FEE-8CB0-711B41C28BE8}.Release|Any CPU.ActiveCfg = Release|Any CPU
		{B6D0E734-2346-4FEE-8CB0-711B41C28BE8}.Release|Any CPU.Build.0 = Release|Any CPU
		{17356B81-1532-4B98-AF75-D9F864CAF418}.Debug|Any CPU.ActiveCfg = Debug|Any CPU
		{17356B81-1532-4B98-AF75-D9F864CAF418}.Debug|Any CPU.Build.0 = Debug|Any CPU
		{17356B81-1532-4B98-AF75-D9F864CAF418}.Release|Any CPU.ActiveCfg = Release|Any CPU
		{17356B81-1532-4B98-AF75-D9F864CAF418}.Release|Any CPU.Build.0 = Release|Any CPU
		{DD2E415B-9E85-448D-9441-BD4866527286}.Debug|Any CPU.ActiveCfg = Debug|Any CPU
		{DD2E415B-9E85-448D-9441-BD4866527286}.Debug|Any CPU.Build.0 = Debug|Any CPU
		{DD2E415B-9E85-448D-9441-BD4866527286}.Release|Any CPU.ActiveCfg = Release|Any CPU
		{DD2E415B-9E85-448D-9441-BD4866527286}.Release|Any CPU.Build.0 = Release|Any CPU
		{420AD29E-257C-4C53-885C-897F3FE6E71C}.Debug|Any CPU.ActiveCfg = Debug|Any CPU
		{420AD29E-257C-4C53-885C-897F3FE6E71C}.Debug|Any CPU.Build.0 = Debug|Any CPU
		{420AD29E-257C-4C53-885C-897F3FE6E71C}.Release|Any CPU.ActiveCfg = Release|Any CPU
		{420AD29E-257C-4C53-885C-897F3FE6E71C}.Release|Any CPU.Build.0 = Release|Any CPU
		{7E5FED03-6CC5-4CAA-92A4-2B526DD35362}.Debug|Any CPU.ActiveCfg = Debug|Any CPU
		{7E5FED03-6CC5-4CAA-92A4-2B526DD35362}.Debug|Any CPU.Build.0 = Debug|Any CPU
		{7E5FED03-6CC5-4CAA-92A4-2B526DD35362}.Release|Any CPU.ActiveCfg = Release|Any CPU
		{7E5FED03-6CC5-4CAA-92A4-2B526DD35362}.Release|Any CPU.Build.0 = Release|Any CPU
		{163C3149-8DDE-472A-9E6D-17A434D68DDB}.Debug|Any CPU.ActiveCfg = Debug|Any CPU
		{163C3149-8DDE-472A-9E6D-17A434D68DDB}.Debug|Any CPU.Build.0 = Debug|Any CPU
		{163C3149-8DDE-472A-9E6D-17A434D68DDB}.Release|Any CPU.ActiveCfg = Release|Any CPU
		{163C3149-8DDE-472A-9E6D-17A434D68DDB}.Release|Any CPU.Build.0 = Release|Any CPU
		{C25024F5-E75C-44FF-B95F-7BE106A819D4}.Debug|Any CPU.ActiveCfg = Debug|Any CPU
		{C25024F5-E75C-44FF-B95F-7BE106A819D4}.Debug|Any CPU.Build.0 = Debug|Any CPU
		{C25024F5-E75C-44FF-B95F-7BE106A819D4}.Release|Any CPU.ActiveCfg = Release|Any CPU
		{C25024F5-E75C-44FF-B95F-7BE106A819D4}.Release|Any CPU.Build.0 = Release|Any CPU
		{D11A4963-92B8-4091-8F4A-E552AEEDBC6C}.Debug|Any CPU.ActiveCfg = Debug|Any CPU
		{D11A4963-92B8-4091-8F4A-E552AEEDBC6C}.Debug|Any CPU.Build.0 = Debug|Any CPU
		{D11A4963-92B8-4091-8F4A-E552AEEDBC6C}.Release|Any CPU.ActiveCfg = Release|Any CPU
		{D11A4963-92B8-4091-8F4A-E552AEEDBC6C}.Release|Any CPU.Build.0 = Release|Any CPU
		{A8FBC24A-09D7-44BA-9527-3F7C4812DA65}.Debug|Any CPU.ActiveCfg = Debug|Any CPU
		{A8FBC24A-09D7-44BA-9527-3F7C4812DA65}.Debug|Any CPU.Build.0 = Debug|Any CPU
		{A8FBC24A-09D7-44BA-9527-3F7C4812DA65}.Release|Any CPU.ActiveCfg = Release|Any CPU
		{A8FBC24A-09D7-44BA-9527-3F7C4812DA65}.Release|Any CPU.Build.0 = Release|Any CPU
		{DAC3BF8D-0BCD-4294-B041-2988949A19A7}.Debug|Any CPU.ActiveCfg = Debug|Any CPU
		{DAC3BF8D-0BCD-4294-B041-2988949A19A7}.Debug|Any CPU.Build.0 = Debug|Any CPU
		{DAC3BF8D-0BCD-4294-B041-2988949A19A7}.Release|Any CPU.ActiveCfg = Release|Any CPU
		{DAC3BF8D-0BCD-4294-B041-2988949A19A7}.Release|Any CPU.Build.0 = Release|Any CPU
		{29D04B97-46DA-4E73-9FB2-811FE692929D}.Debug|Any CPU.ActiveCfg = Debug|Any CPU
		{29D04B97-46DA-4E73-9FB2-811FE692929D}.Debug|Any CPU.Build.0 = Debug|Any CPU
		{29D04B97-46DA-4E73-9FB2-811FE692929D}.Release|Any CPU.ActiveCfg = Release|Any CPU
		{29D04B97-46DA-4E73-9FB2-811FE692929D}.Release|Any CPU.Build.0 = Release|Any CPU
		{C2703F1C-A01C-4F96-948D-067DD86CD3A0}.Debug|Any CPU.ActiveCfg = Debug|Any CPU
		{C2703F1C-A01C-4F96-948D-067DD86CD3A0}.Debug|Any CPU.Build.0 = Debug|Any CPU
		{C2703F1C-A01C-4F96-948D-067DD86CD3A0}.Release|Any CPU.ActiveCfg = Release|Any CPU
		{C2703F1C-A01C-4F96-948D-067DD86CD3A0}.Release|Any CPU.Build.0 = Release|Any CPU
		{35ECD3FA-950F-4511-B180-1B6249C1DA0B}.Debug|Any CPU.ActiveCfg = Debug|Any CPU
		{35ECD3FA-950F-4511-B180-1B6249C1DA0B}.Debug|Any CPU.Build.0 = Debug|Any CPU
		{35ECD3FA-950F-4511-B180-1B6249C1DA0B}.Release|Any CPU.ActiveCfg = Release|Any CPU
		{35ECD3FA-950F-4511-B180-1B6249C1DA0B}.Release|Any CPU.Build.0 = Release|Any CPU
		{215F3C1C-6B54-4323-A875-F1F375E4EE5E}.Debug|Any CPU.ActiveCfg = Debug|Any CPU
		{215F3C1C-6B54-4323-A875-F1F375E4EE5E}.Debug|Any CPU.Build.0 = Debug|Any CPU
		{215F3C1C-6B54-4323-A875-F1F375E4EE5E}.Release|Any CPU.ActiveCfg = Release|Any CPU
		{215F3C1C-6B54-4323-A875-F1F375E4EE5E}.Release|Any CPU.Build.0 = Release|Any CPU
		{398D5C21-3186-4E03-AC24-F2C4DF73065F}.Debug|Any CPU.ActiveCfg = Debug|Any CPU
		{398D5C21-3186-4E03-AC24-F2C4DF73065F}.Debug|Any CPU.Build.0 = Debug|Any CPU
		{398D5C21-3186-4E03-AC24-F2C4DF73065F}.Release|Any CPU.ActiveCfg = Release|Any CPU
		{398D5C21-3186-4E03-AC24-F2C4DF73065F}.Release|Any CPU.Build.0 = Release|Any CPU
		{3F2F9EF6-FBF0-4C32-A1CF-D9BFCA9A15BE}.Debug|Any CPU.ActiveCfg = Debug|Any CPU
		{3F2F9EF6-FBF0-4C32-A1CF-D9BFCA9A15BE}.Debug|Any CPU.Build.0 = Debug|Any CPU
		{3F2F9EF6-FBF0-4C32-A1CF-D9BFCA9A15BE}.Release|Any CPU.ActiveCfg = Release|Any CPU
		{3F2F9EF6-FBF0-4C32-A1CF-D9BFCA9A15BE}.Release|Any CPU.Build.0 = Release|Any CPU
	EndGlobalSection
	GlobalSection(SolutionProperties) = preSolution
		HideSolutionNode = FALSE
	EndGlobalSection
	GlobalSection(NestedProjects) = preSolution
		{DD2E415B-9E85-448D-9441-BD4866527286} = {1820FEC0-18B3-447A-B870-A0CBF41267D7}
		{420AD29E-257C-4C53-885C-897F3FE6E71C} = {1820FEC0-18B3-447A-B870-A0CBF41267D7}
		{7E5FED03-6CC5-4CAA-92A4-2B526DD35362} = {1820FEC0-18B3-447A-B870-A0CBF41267D7}
		{163C3149-8DDE-472A-9E6D-17A434D68DDB} = {1820FEC0-18B3-447A-B870-A0CBF41267D7}
		{C25024F5-E75C-44FF-B95F-7BE106A819D4} = {1820FEC0-18B3-447A-B870-A0CBF41267D7}
		{D11A4963-92B8-4091-8F4A-E552AEEDBC6C} = {1820FEC0-18B3-447A-B870-A0CBF41267D7}
		{A8FBC24A-09D7-44BA-9527-3F7C4812DA65} = {1820FEC0-18B3-447A-B870-A0CBF41267D7}
		{DAC3BF8D-0BCD-4294-B041-2988949A19A7} = {1820FEC0-18B3-447A-B870-A0CBF41267D7}
		{29D04B97-46DA-4E73-9FB2-811FE692929D} = {1820FEC0-18B3-447A-B870-A0CBF41267D7}
		{C2703F1C-A01C-4F96-948D-067DD86CD3A0} = {1820FEC0-18B3-447A-B870-A0CBF41267D7}
		{35ECD3FA-950F-4511-B180-1B6249C1DA0B} = {1820FEC0-18B3-447A-B870-A0CBF41267D7}
		{215F3C1C-6B54-4323-A875-F1F375E4EE5E} = {1820FEC0-18B3-447A-B870-A0CBF41267D7}
		{398D5C21-3186-4E03-AC24-F2C4DF73065F} = {1820FEC0-18B3-447A-B870-A0CBF41267D7}
		{3F2F9EF6-FBF0-4C32-A1CF-D9BFCA9A15BE} = {1820FEC0-18B3-447A-B870-A0CBF41267D7}
	EndGlobalSection
	GlobalSection(ExtensibilityGlobals) = postSolution
		SolutionGuid = {8F3D1072-1698-4E7E-8290-ECF25E91B815}
	EndGlobalSection
EndGlobal
