
Microsoft Visual Studio Solution File, Format Version 12.00
# Visual Studio Version 17
VisualStudioVersion = 17.3.32929.385
MinimumVisualStudioVersion = 10.0.40219.1
Project("{9A19103F-16F7-4668-BE54-9A1E7A4F7556}") = "DesignPatterns.Creational.Factory", "src\Creational\DesignPatterns.Creational.Factory\DesignPatterns.Creational.Factory.csproj", "{667B4150-54C2-42F9-9577-546AF082A15C}"
EndProject
Project("{9A19103F-16F7-4668-BE54-9A1E7A4F7556}") = "DesignPatterns.Creational.Builder", "src\Creational\DesignPatterns.Creational.Builder\DesignPatterns.Creational.Builder.csproj", "{7FBD7870-47D0-4AA9-97DE-AB6C4C2D74D5}"
EndProject
Project("{9A19103F-16F7-4668-BE54-9A1E7A4F7556}") = "DesignPatterns.Creational.Singleton", "src\Creational\DesignPatterns.Creational.Singleton.NoDesignPattern\DesignPatterns.Creational.Singleton.csproj", "{4463AE83-DB82-4320-A50E-BBA7D0BB71FE}"
EndProject
Project("{9A19103F-16F7-4668-BE54-9A1E7A4F7556}") = "DesignPatterns.Creational.AbstractFactory", "src\Creational\DesignPatterns.Creational.AbstractFactory.NoDesignPattern\DesignPatterns.Creational.AbstractFactory.csproj", "{7DE4E09A-E502-4E80-8439-F7206642C820}"
EndProject
Project("{9A19103F-16F7-4668-BE54-9A1E7A4F7556}") = "DesignPatterns.StartUp", "src\DesignPatterns.StartUp\DesignPatterns.StartUp.csproj", "{5EDA8877-C9D7-464A-882D-44F47EF2C7B4}"
EndProject
Project("{9A19103F-16F7-4668-BE54-9A1E7A4F7556}") = "DesignPatterns.Common", "src\DesignPatterns.Common\DesignPatterns.Common.csproj", "{2FABAA90-4C92-4728-8A3F-1479EB06139D}"
EndProject
Global
	GlobalSection(SolutionConfigurationPlatforms) = preSolution
		Debug|Any CPU = Debug|Any CPU
		Release|Any CPU = Release|Any CPU
	EndGlobalSection
	GlobalSection(ProjectConfigurationPlatforms) = postSolution
		{667B4150-54C2-42F9-9577-546AF082A15C}.Debug|Any CPU.ActiveCfg = Debug|Any CPU
		{667B4150-54C2-42F9-9577-546AF082A15C}.Debug|Any CPU.Build.0 = Debug|Any CPU
		{667B4150-54C2-42F9-9577-546AF082A15C}.Release|Any CPU.ActiveCfg = Release|Any CPU
		{667B4150-54C2-42F9-9577-546AF082A15C}.Release|Any CPU.Build.0 = Release|Any CPU
		{7FBD7870-47D0-4AA9-97DE-AB6C4C2D74D5}.Debug|Any CPU.ActiveCfg = Debug|Any CPU
		{7FBD7870-47D0-4AA9-97DE-AB6C4C2D74D5}.Debug|Any CPU.Build.0 = Debug|Any CPU
		{7FBD7870-47D0-4AA9-97DE-AB6C4C2D74D5}.Release|Any CPU.ActiveCfg = Release|Any CPU
		{7FBD7870-47D0-4AA9-97DE-AB6C4C2D74D5}.Release|Any CPU.Build.0 = Release|Any CPU
		{4463AE83-DB82-4320-A50E-BBA7D0BB71FE}.Debug|Any CPU.ActiveCfg = Debug|Any CPU
		{4463AE83-DB82-4320-A50E-BBA7D0BB71FE}.Debug|Any CPU.Build.0 = Debug|Any CPU
		{4463AE83-DB82-4320-A50E-BBA7D0BB71FE}.Release|Any CPU.ActiveCfg = Release|Any CPU
		{4463AE83-DB82-4320-A50E-BBA7D0BB71FE}.Release|Any CPU.Build.0 = Release|Any CPU
		{7DE4E09A-E502-4E80-8439-F7206642C820}.Debug|Any CPU.ActiveCfg = Debug|Any CPU
		{7DE4E09A-E502-4E80-8439-F7206642C820}.Debug|Any CPU.Build.0 = Debug|Any CPU
		{7DE4E09A-E502-4E80-8439-F7206642C820}.Release|Any CPU.ActiveCfg = Release|Any CPU
		{7DE4E09A-E502-4E80-8439-F7206642C820}.Release|Any CPU.Build.0 = Release|Any CPU
		{5EDA8877-C9D7-464A-882D-44F47EF2C7B4}.Debug|Any CPU.ActiveCfg = Debug|Any CPU
		{5EDA8877-C9D7-464A-882D-44F47EF2C7B4}.Debug|Any CPU.Build.0 = Debug|Any CPU
		{5EDA8877-C9D7-464A-882D-44F47EF2C7B4}.Release|Any CPU.ActiveCfg = Release|Any CPU
		{5EDA8877-C9D7-464A-882D-44F47EF2C7B4}.Release|Any CPU.Build.0 = Release|Any CPU
		{2FABAA90-4C92-4728-8A3F-1479EB06139D}.Debug|Any CPU.ActiveCfg = Debug|Any CPU
		{2FABAA90-4C92-4728-8A3F-1479EB06139D}.Debug|Any CPU.Build.0 = Debug|Any CPU
		{2FABAA90-4C92-4728-8A3F-1479EB06139D}.Release|Any CPU.ActiveCfg = Release|Any CPU
		{2FABAA90-4C92-4728-8A3F-1479EB06139D}.Release|Any CPU.Build.0 = Release|Any CPU
	EndGlobalSection
	GlobalSection(SolutionProperties) = preSolution
		HideSolutionNode = FALSE
	EndGlobalSection
	GlobalSection(ExtensibilityGlobals) = postSolution
		SolutionGuid = {76C837B6-1534-4D13-A156-B4E9BB5644FC}
	EndGlobalSection
EndGlobal
