
Microsoft Visual Studio Solution File, Format Version 12.00
# Visual Studio Version 17
VisualStudioVersion = 17.3.32929.385
MinimumVisualStudioVersion = 10.0.40219.1
Project("{9A19103F-16F7-4668-BE54-9A1E7A4F7556}") = "DesignPatterns.Creational.Factory", "src\Creational\DesignPatterns.Creational.Factory\DesignPatterns.Creational.Factory.csproj", "{667B4150-54C2-42F9-9577-546AF082A15C}"
EndProject
Project("{9A19103F-16F7-4668-BE54-9A1E7A4F7556}") = "DesignPatterns.Creational.Factory.NoDesignPattern", "src\Creational\DesignPatterns.Craetional.Factory.NoDesignPattern\DesignPatterns.Creational.Factory.NoDesignPattern.csproj", "{B6744462-6300-478C-864F-0440FA82F3E2}"
EndProject
Project("{9A19103F-16F7-4668-BE54-9A1E7A4F7556}") = "DesignPatterns.Creational.Factory.WithDesignPattern", "src\Creational\DesignPatterns.Creational.Factory.WithDesignPattern\DesignPatterns.Creational.Factory.WithDesignPattern.csproj", "{539C130C-7FFA-4FC5-8F05-02577A2D330A}"
EndProject
Project("{9A19103F-16F7-4668-BE54-9A1E7A4F7556}") = "DesignPatterns.Creational.Builder.NoDesignPattern", "src\Creational\DesignPatterns.Creational.Builder.NoDesignPattern\DesignPatterns.Creational.Builder.NoDesignPattern.csproj", "{C4A86ACD-61C4-4080-8C4A-41ED28500006}"
EndProject
Project("{9A19103F-16F7-4668-BE54-9A1E7A4F7556}") = "DesignPatterns.Creational.Builder", "src\Creational\DesignPatterns.Creational.Builder\DesignPatterns.Creational.Builder.csproj", "{7FBD7870-47D0-4AA9-97DE-AB6C4C2D74D5}"
EndProject
Project("{9A19103F-16F7-4668-BE54-9A1E7A4F7556}") = "DesignPatterns.Creational.Builder.WithDesignPattern", "src\Creational\DesignPatterns.Creational.Builder.WithDesignPattern\DesignPatterns.Creational.Builder.WithDesignPattern.csproj", "{D7589694-C3DF-4BAA-954C-637EDAE24D71}"
EndProject
Project("{FAE04EC0-301F-11D3-BF4B-00C04F79EFBC}") = "DesignPatterns.Creational.Singleton.NoDesignPattern", "src\Creational\DesignPatterns.Creational.Singleton.NoDesignPattern\DesignPatterns.Creational.Singleton.NoDesignPattern.csproj", "{4463AE83-DB82-4320-A50E-BBA7D0BB71FE}"
EndProject
Project("{FAE04EC0-301F-11D3-BF4B-00C04F79EFBC}") = "DesignPatterns.Creational.Singleton.WithDesignPattern", "src\Creational\DesignPatterns.Creational.Singleton.WithDesignPattern\DesignPatterns.Creational.Singleton.WithDesignPattern.csproj", "{C55739D0-ACCA-4057-A8CC-6AD9AFD95CDC}"
EndProject
Global
	GlobalSection(SolutionConfigurationPlatforms) = preSolution
		Debug|Any CPU = Debug|Any CPU
		Release|Any CPU = Release|Any CPU
	EndGlobalSection
	GlobalSection(ProjectConfigurationPlatforms) = postSolution
		{667B4150-54C2-42F9-9577-546AF082A15C}.Debug|Any CPU.ActiveCfg = Debug|Any CPU
		{667B4150-54C2-42F9-9577-546AF082A15C}.Debug|Any CPU.Build.0 = Debug|Any CPU
		{667B4150-54C2-42F9-9577-546AF082A15C}.Release|Any CPU.ActiveCfg = Release|Any CPU
		{667B4150-54C2-42F9-9577-546AF082A15C}.Release|Any CPU.Build.0 = Release|Any CPU
		{B6744462-6300-478C-864F-0440FA82F3E2}.Debug|Any CPU.ActiveCfg = Debug|Any CPU
		{B6744462-6300-478C-864F-0440FA82F3E2}.Debug|Any CPU.Build.0 = Debug|Any CPU
		{B6744462-6300-478C-864F-0440FA82F3E2}.Release|Any CPU.ActiveCfg = Release|Any CPU
		{B6744462-6300-478C-864F-0440FA82F3E2}.Release|Any CPU.Build.0 = Release|Any CPU
		{539C130C-7FFA-4FC5-8F05-02577A2D330A}.Debug|Any CPU.ActiveCfg = Debug|Any CPU
		{539C130C-7FFA-4FC5-8F05-02577A2D330A}.Debug|Any CPU.Build.0 = Debug|Any CPU
		{539C130C-7FFA-4FC5-8F05-02577A2D330A}.Release|Any CPU.ActiveCfg = Release|Any CPU
		{539C130C-7FFA-4FC5-8F05-02577A2D330A}.Release|Any CPU.Build.0 = Release|Any CPU
		{C4A86ACD-61C4-4080-8C4A-41ED28500006}.Debug|Any CPU.ActiveCfg = Debug|Any CPU
		{C4A86ACD-61C4-4080-8C4A-41ED28500006}.Debug|Any CPU.Build.0 = Debug|Any CPU
		{C4A86ACD-61C4-4080-8C4A-41ED28500006}.Release|Any CPU.ActiveCfg = Release|Any CPU
		{C4A86ACD-61C4-4080-8C4A-41ED28500006}.Release|Any CPU.Build.0 = Release|Any CPU
		{7FBD7870-47D0-4AA9-97DE-AB6C4C2D74D5}.Debug|Any CPU.ActiveCfg = Debug|Any CPU
		{7FBD7870-47D0-4AA9-97DE-AB6C4C2D74D5}.Debug|Any CPU.Build.0 = Debug|Any CPU
		{7FBD7870-47D0-4AA9-97DE-AB6C4C2D74D5}.Release|Any CPU.ActiveCfg = Release|Any CPU
		{7FBD7870-47D0-4AA9-97DE-AB6C4C2D74D5}.Release|Any CPU.Build.0 = Release|Any CPU
		{D7589694-C3DF-4BAA-954C-637EDAE24D71}.Debug|Any CPU.ActiveCfg = Debug|Any CPU
		{D7589694-C3DF-4BAA-954C-637EDAE24D71}.Debug|Any CPU.Build.0 = Debug|Any CPU
		{D7589694-C3DF-4BAA-954C-637EDAE24D71}.Release|Any CPU.ActiveCfg = Release|Any CPU
		{D7589694-C3DF-4BAA-954C-637EDAE24D71}.Release|Any CPU.Build.0 = Release|Any CPU
		{4463AE83-DB82-4320-A50E-BBA7D0BB71FE}.Debug|Any CPU.ActiveCfg = Debug|Any CPU
		{4463AE83-DB82-4320-A50E-BBA7D0BB71FE}.Debug|Any CPU.Build.0 = Debug|Any CPU
		{4463AE83-DB82-4320-A50E-BBA7D0BB71FE}.Release|Any CPU.ActiveCfg = Release|Any CPU
		{4463AE83-DB82-4320-A50E-BBA7D0BB71FE}.Release|Any CPU.Build.0 = Release|Any CPU
		{C55739D0-ACCA-4057-A8CC-6AD9AFD95CDC}.Debug|Any CPU.ActiveCfg = Debug|Any CPU
		{C55739D0-ACCA-4057-A8CC-6AD9AFD95CDC}.Debug|Any CPU.Build.0 = Debug|Any CPU
		{C55739D0-ACCA-4057-A8CC-6AD9AFD95CDC}.Release|Any CPU.ActiveCfg = Release|Any CPU
		{C55739D0-ACCA-4057-A8CC-6AD9AFD95CDC}.Release|Any CPU.Build.0 = Release|Any CPU
	EndGlobalSection
	GlobalSection(SolutionProperties) = preSolution
		HideSolutionNode = FALSE
	EndGlobalSection
	GlobalSection(ExtensibilityGlobals) = postSolution
		SolutionGuid = {76C837B6-1534-4D13-A156-B4E9BB5644FC}
	EndGlobalSection
EndGlobal
